
Microsoft Visual Studio Solution File, Format Version 12.00
# Visual Studio Version 16
VisualStudioVersion = 16.0.30709.132
MinimumVisualStudioVersion = 10.0.40219.1
Project("{FAE04EC0-301F-11D3-BF4B-00C04F79EFBC}") = "assignment1", "assignment1\assignment1.csproj", "{83BB1263-BD4C-4F87-97CE-6F91E135852C}"
EndProject
Global
	GlobalSection(SolutionConfigurationPlatforms) = preSolution
		Debug|Any CPU = Debug|Any CPU
		Release|Any CPU = Release|Any CPU
	EndGlobalSection
	GlobalSection(ProjectConfigurationPlatforms) = postSolution
		{83BB1263-BD4C-4F87-97CE-6F91E135852C}.Debug|Any CPU.ActiveCfg = Debug|Any CPU
		{83BB1263-BD4C-4F87-97CE-6F91E135852C}.Debug|Any CPU.Build.0 = Debug|Any CPU
		{83BB1263-BD4C-4F87-97CE-6F91E135852C}.Release|Any CPU.ActiveCfg = Release|Any CPU
		{83BB1263-BD4C-4F87-97CE-6F91E135852C}.Release|Any CPU.Build.0 = Release|Any CPU
	EndGlobalSection
	GlobalSection(SolutionProperties) = preSolution
		HideSolutionNode = FALSE
	EndGlobalSection
	GlobalSection(ExtensibilityGlobals) = postSolution
		SolutionGuid = {E6F7BE55-D094-48B8-81A3-1D8977A29B64}
	EndGlobalSection
EndGlobal
