
Microsoft Visual Studio Solution File, Format Version 12.00
# Visual Studio Version 16
VisualStudioVersion = 16.0.30907.101
MinimumVisualStudioVersion = 10.0.40219.1
Project("{9A19103F-16F7-4668-BE54-9A1E7A4F7556}") = "assignment1", "assignment1\assignment1.csproj", "{C9776389-8117-48FF-9557-47F32A1147ED}"
EndProject
Project("{9A19103F-16F7-4668-BE54-9A1E7A4F7556}") = "assignment2", "assignment2\assignment2.csproj", "{21B4E052-CC89-4E1C-A211-727813D683F5}"
EndProject
Project("{FAE04EC0-301F-11D3-BF4B-00C04F79EFBC}") = "assignment3", "assignment3\assignment3.csproj", "{4E25C998-9D2E-45DC-99D7-F9CB6E44F060}"
EndProject
Global
	GlobalSection(SolutionConfigurationPlatforms) = preSolution
		Debug|Any CPU = Debug|Any CPU
		Release|Any CPU = Release|Any CPU
	EndGlobalSection
	GlobalSection(ProjectConfigurationPlatforms) = postSolution
		{C9776389-8117-48FF-9557-47F32A1147ED}.Debug|Any CPU.ActiveCfg = Debug|Any CPU
		{C9776389-8117-48FF-9557-47F32A1147ED}.Debug|Any CPU.Build.0 = Debug|Any CPU
		{C9776389-8117-48FF-9557-47F32A1147ED}.Release|Any CPU.ActiveCfg = Release|Any CPU
		{C9776389-8117-48FF-9557-47F32A1147ED}.Release|Any CPU.Build.0 = Release|Any CPU
		{21B4E052-CC89-4E1C-A211-727813D683F5}.Debug|Any CPU.ActiveCfg = Debug|Any CPU
		{21B4E052-CC89-4E1C-A211-727813D683F5}.Debug|Any CPU.Build.0 = Debug|Any CPU
		{21B4E052-CC89-4E1C-A211-727813D683F5}.Release|Any CPU.ActiveCfg = Release|Any CPU
		{21B4E052-CC89-4E1C-A211-727813D683F5}.Release|Any CPU.Build.0 = Release|Any CPU
		{4E25C998-9D2E-45DC-99D7-F9CB6E44F060}.Debug|Any CPU.ActiveCfg = Debug|Any CPU
		{4E25C998-9D2E-45DC-99D7-F9CB6E44F060}.Debug|Any CPU.Build.0 = Debug|Any CPU
		{4E25C998-9D2E-45DC-99D7-F9CB6E44F060}.Release|Any CPU.ActiveCfg = Release|Any CPU
		{4E25C998-9D2E-45DC-99D7-F9CB6E44F060}.Release|Any CPU.Build.0 = Release|Any CPU
	EndGlobalSection
	GlobalSection(SolutionProperties) = preSolution
		HideSolutionNode = FALSE
	EndGlobalSection
	GlobalSection(ExtensibilityGlobals) = postSolution
		SolutionGuid = {BB0E176D-BE16-4E91-B808-0196665E6E2C}
	EndGlobalSection
EndGlobal
