
Microsoft Visual Studio Solution File, Format Version 12.00
# Visual Studio Version 16
VisualStudioVersion = 16.0.29709.97
MinimumVisualStudioVersion = 10.0.40219.1
Project("{FAE04EC0-301F-11D3-BF4B-00C04F79EFBC}") = "Assignment1", "Assignment1\Assignment1.csproj", "{030C197B-B4A5-46F8-ABAC-C4B5A774A938}"
EndProject
Project("{FAE04EC0-301F-11D3-BF4B-00C04F79EFBC}") = "Assignment2", "Assignment2\Assignment2.csproj", "{087B15D6-B141-4689-8812-E6AC952BE653}"
EndProject
Project("{FAE04EC0-301F-11D3-BF4B-00C04F79EFBC}") = "Assignment3", "Assignment3\Assignment3.csproj", "{7B0F30A9-AC94-47E5-A378-0C1F2C56EE46}"
EndProject
Project("{FAE04EC0-301F-11D3-BF4B-00C04F79EFBC}") = "Assignment4", "Assignment4\Assignment4.csproj", "{20A43940-C92F-4A50-8CF0-AD0A21C98438}"
EndProject
Project("{FAE04EC0-301F-11D3-BF4B-00C04F79EFBC}") = "Assignment5", "Assignment5\Assignment5.csproj", "{3764987C-2B10-43AD-9A70-D8F4ED492017}"
EndProject
Global
	GlobalSection(SolutionConfigurationPlatforms) = preSolution
		Debug|Any CPU = Debug|Any CPU
		Release|Any CPU = Release|Any CPU
	EndGlobalSection
	GlobalSection(ProjectConfigurationPlatforms) = postSolution
		{030C197B-B4A5-46F8-ABAC-C4B5A774A938}.Debug|Any CPU.ActiveCfg = Debug|Any CPU
		{030C197B-B4A5-46F8-ABAC-C4B5A774A938}.Debug|Any CPU.Build.0 = Debug|Any CPU
		{030C197B-B4A5-46F8-ABAC-C4B5A774A938}.Release|Any CPU.ActiveCfg = Release|Any CPU
		{030C197B-B4A5-46F8-ABAC-C4B5A774A938}.Release|Any CPU.Build.0 = Release|Any CPU
		{087B15D6-B141-4689-8812-E6AC952BE653}.Debug|Any CPU.ActiveCfg = Debug|Any CPU
		{087B15D6-B141-4689-8812-E6AC952BE653}.Debug|Any CPU.Build.0 = Debug|Any CPU
		{087B15D6-B141-4689-8812-E6AC952BE653}.Release|Any CPU.ActiveCfg = Release|Any CPU
		{087B15D6-B141-4689-8812-E6AC952BE653}.Release|Any CPU.Build.0 = Release|Any CPU
		{7B0F30A9-AC94-47E5-A378-0C1F2C56EE46}.Debug|Any CPU.ActiveCfg = Debug|Any CPU
		{7B0F30A9-AC94-47E5-A378-0C1F2C56EE46}.Debug|Any CPU.Build.0 = Debug|Any CPU
		{7B0F30A9-AC94-47E5-A378-0C1F2C56EE46}.Release|Any CPU.ActiveCfg = Release|Any CPU
		{7B0F30A9-AC94-47E5-A378-0C1F2C56EE46}.Release|Any CPU.Build.0 = Release|Any CPU
		{20A43940-C92F-4A50-8CF0-AD0A21C98438}.Debug|Any CPU.ActiveCfg = Debug|Any CPU
		{20A43940-C92F-4A50-8CF0-AD0A21C98438}.Debug|Any CPU.Build.0 = Debug|Any CPU
		{20A43940-C92F-4A50-8CF0-AD0A21C98438}.Release|Any CPU.ActiveCfg = Release|Any CPU
		{20A43940-C92F-4A50-8CF0-AD0A21C98438}.Release|Any CPU.Build.0 = Release|Any CPU
		{3764987C-2B10-43AD-9A70-D8F4ED492017}.Debug|Any CPU.ActiveCfg = Debug|Any CPU
		{3764987C-2B10-43AD-9A70-D8F4ED492017}.Debug|Any CPU.Build.0 = Debug|Any CPU
		{3764987C-2B10-43AD-9A70-D8F4ED492017}.Release|Any CPU.ActiveCfg = Release|Any CPU
		{3764987C-2B10-43AD-9A70-D8F4ED492017}.Release|Any CPU.Build.0 = Release|Any CPU
	EndGlobalSection
	GlobalSection(SolutionProperties) = preSolution
		HideSolutionNode = FALSE
	EndGlobalSection
	GlobalSection(ExtensibilityGlobals) = postSolution
		SolutionGuid = {3E63BA2A-640C-4DD7-8DF3-1535933FF4EA}
	EndGlobalSection
EndGlobal
