
Microsoft Visual Studio Solution File, Format Version 12.00
# Visual Studio Version 16
VisualStudioVersion = 16.0.29215.179
MinimumVisualStudioVersion = 10.0.40219.1
Project("{FAE04EC0-301F-11D3-BF4B-00C04F79EFBC}") = "Assignment1", "Assignment1\Assignment1.csproj", "{7E346509-A90E-44B1-9E40-DB4453B35D1D}"
EndProject
Project("{FAE04EC0-301F-11D3-BF4B-00C04F79EFBC}") = "Assignment2", "Assignment2\Assignment2.csproj", "{DCFEB42E-8DB8-4DE9-8D17-34776DE54F6F}"
EndProject
Project("{FAE04EC0-301F-11D3-BF4B-00C04F79EFBC}") = "Assignment5", "Assignment5\Assignment5.csproj", "{A5182691-9869-418D-998A-BC63A51B8FD3}"
EndProject
Project("{FAE04EC0-301F-11D3-BF4B-00C04F79EFBC}") = "Assignment3", "Assignment3\Assignment3.csproj", "{CC911726-2DDD-42B1-8378-B65896046B77}"
EndProject
Project("{FAE04EC0-301F-11D3-BF4B-00C04F79EFBC}") = "Assignment4", "Assignment4\Assignment4.csproj", "{7ADFBE5A-81CE-4A66-BA1E-AC00A2BBB1B5}"
EndProject
Global
	GlobalSection(SolutionConfigurationPlatforms) = preSolution
		Debug|Any CPU = Debug|Any CPU
		Release|Any CPU = Release|Any CPU
	EndGlobalSection
	GlobalSection(ProjectConfigurationPlatforms) = postSolution
		{7E346509-A90E-44B1-9E40-DB4453B35D1D}.Debug|Any CPU.ActiveCfg = Debug|Any CPU
		{7E346509-A90E-44B1-9E40-DB4453B35D1D}.Debug|Any CPU.Build.0 = Debug|Any CPU
		{7E346509-A90E-44B1-9E40-DB4453B35D1D}.Release|Any CPU.ActiveCfg = Release|Any CPU
		{7E346509-A90E-44B1-9E40-DB4453B35D1D}.Release|Any CPU.Build.0 = Release|Any CPU
		{DCFEB42E-8DB8-4DE9-8D17-34776DE54F6F}.Debug|Any CPU.ActiveCfg = Debug|Any CPU
		{DCFEB42E-8DB8-4DE9-8D17-34776DE54F6F}.Debug|Any CPU.Build.0 = Debug|Any CPU
		{DCFEB42E-8DB8-4DE9-8D17-34776DE54F6F}.Release|Any CPU.ActiveCfg = Release|Any CPU
		{DCFEB42E-8DB8-4DE9-8D17-34776DE54F6F}.Release|Any CPU.Build.0 = Release|Any CPU
		{A5182691-9869-418D-998A-BC63A51B8FD3}.Debug|Any CPU.ActiveCfg = Debug|Any CPU
		{A5182691-9869-418D-998A-BC63A51B8FD3}.Debug|Any CPU.Build.0 = Debug|Any CPU
		{A5182691-9869-418D-998A-BC63A51B8FD3}.Release|Any CPU.ActiveCfg = Release|Any CPU
		{A5182691-9869-418D-998A-BC63A51B8FD3}.Release|Any CPU.Build.0 = Release|Any CPU
		{CC911726-2DDD-42B1-8378-B65896046B77}.Debug|Any CPU.ActiveCfg = Debug|Any CPU
		{CC911726-2DDD-42B1-8378-B65896046B77}.Debug|Any CPU.Build.0 = Debug|Any CPU
		{CC911726-2DDD-42B1-8378-B65896046B77}.Release|Any CPU.ActiveCfg = Release|Any CPU
		{CC911726-2DDD-42B1-8378-B65896046B77}.Release|Any CPU.Build.0 = Release|Any CPU
		{7ADFBE5A-81CE-4A66-BA1E-AC00A2BBB1B5}.Debug|Any CPU.ActiveCfg = Debug|Any CPU
		{7ADFBE5A-81CE-4A66-BA1E-AC00A2BBB1B5}.Debug|Any CPU.Build.0 = Debug|Any CPU
		{7ADFBE5A-81CE-4A66-BA1E-AC00A2BBB1B5}.Release|Any CPU.ActiveCfg = Release|Any CPU
		{7ADFBE5A-81CE-4A66-BA1E-AC00A2BBB1B5}.Release|Any CPU.Build.0 = Release|Any CPU
	EndGlobalSection
	GlobalSection(SolutionProperties) = preSolution
		HideSolutionNode = FALSE
	EndGlobalSection
	GlobalSection(ExtensibilityGlobals) = postSolution
		SolutionGuid = {49CE4816-088D-44CD-B3C8-A3929075A3B0}
	EndGlobalSection
EndGlobal
