
Microsoft Visual Studio Solution File, Format Version 12.00
# Visual Studio Version 16
VisualStudioVersion = 16.0.29215.179
MinimumVisualStudioVersion = 10.0.40219.1
Project("{FAE04EC0-301F-11D3-BF4B-00C04F79EFBC}") = "assignment1", "assignment1\assignment1.csproj", "{94F9F618-5DD8-44AF-975E-F2B65E9C6868}"
EndProject
Project("{FAE04EC0-301F-11D3-BF4B-00C04F79EFBC}") = "assignment2", "assignment2\assignment2.csproj", "{75A1F89D-1CB7-4A34-95AC-488E86CE0876}"
EndProject
Project("{FAE04EC0-301F-11D3-BF4B-00C04F79EFBC}") = "assignment3", "assignment3\assignment3.csproj", "{A9AE57B7-2B20-4FA6-A6F9-642146C1EC40}"
EndProject
Project("{FAE04EC0-301F-11D3-BF4B-00C04F79EFBC}") = "assignment4", "assignment4\assignment4.csproj", "{50257B81-B7DD-4B43-8C49-9303FAF1D2E9}"
EndProject
Project("{FAE04EC0-301F-11D3-BF4B-00C04F79EFBC}") = "assignment5", "assignment5\assignment5.csproj", "{EC858E31-2A42-4CD2-8805-A8AC2ECE135B}"
EndProject
Global
	GlobalSection(SolutionConfigurationPlatforms) = preSolution
		Debug|Any CPU = Debug|Any CPU
		Release|Any CPU = Release|Any CPU
	EndGlobalSection
	GlobalSection(ProjectConfigurationPlatforms) = postSolution
		{94F9F618-5DD8-44AF-975E-F2B65E9C6868}.Debug|Any CPU.ActiveCfg = Debug|Any CPU
		{94F9F618-5DD8-44AF-975E-F2B65E9C6868}.Debug|Any CPU.Build.0 = Debug|Any CPU
		{94F9F618-5DD8-44AF-975E-F2B65E9C6868}.Release|Any CPU.ActiveCfg = Release|Any CPU
		{94F9F618-5DD8-44AF-975E-F2B65E9C6868}.Release|Any CPU.Build.0 = Release|Any CPU
		{75A1F89D-1CB7-4A34-95AC-488E86CE0876}.Debug|Any CPU.ActiveCfg = Debug|Any CPU
		{75A1F89D-1CB7-4A34-95AC-488E86CE0876}.Debug|Any CPU.Build.0 = Debug|Any CPU
		{75A1F89D-1CB7-4A34-95AC-488E86CE0876}.Release|Any CPU.ActiveCfg = Release|Any CPU
		{75A1F89D-1CB7-4A34-95AC-488E86CE0876}.Release|Any CPU.Build.0 = Release|Any CPU
		{A9AE57B7-2B20-4FA6-A6F9-642146C1EC40}.Debug|Any CPU.ActiveCfg = Debug|Any CPU
		{A9AE57B7-2B20-4FA6-A6F9-642146C1EC40}.Debug|Any CPU.Build.0 = Debug|Any CPU
		{A9AE57B7-2B20-4FA6-A6F9-642146C1EC40}.Release|Any CPU.ActiveCfg = Release|Any CPU
		{A9AE57B7-2B20-4FA6-A6F9-642146C1EC40}.Release|Any CPU.Build.0 = Release|Any CPU
		{50257B81-B7DD-4B43-8C49-9303FAF1D2E9}.Debug|Any CPU.ActiveCfg = Debug|Any CPU
		{50257B81-B7DD-4B43-8C49-9303FAF1D2E9}.Debug|Any CPU.Build.0 = Debug|Any CPU
		{50257B81-B7DD-4B43-8C49-9303FAF1D2E9}.Release|Any CPU.ActiveCfg = Release|Any CPU
		{50257B81-B7DD-4B43-8C49-9303FAF1D2E9}.Release|Any CPU.Build.0 = Release|Any CPU
		{EC858E31-2A42-4CD2-8805-A8AC2ECE135B}.Debug|Any CPU.ActiveCfg = Debug|Any CPU
		{EC858E31-2A42-4CD2-8805-A8AC2ECE135B}.Debug|Any CPU.Build.0 = Debug|Any CPU
		{EC858E31-2A42-4CD2-8805-A8AC2ECE135B}.Release|Any CPU.ActiveCfg = Release|Any CPU
		{EC858E31-2A42-4CD2-8805-A8AC2ECE135B}.Release|Any CPU.Build.0 = Release|Any CPU
	EndGlobalSection
	GlobalSection(SolutionProperties) = preSolution
		HideSolutionNode = FALSE
	EndGlobalSection
	GlobalSection(ExtensibilityGlobals) = postSolution
		SolutionGuid = {1684FA42-6E04-4DD3-BD1C-364C0408AD99}
	EndGlobalSection
EndGlobal
